
Microsoft Visual Studio Solution File, Format Version 12.00
# Visual Studio Version 16
VisualStudioVersion = 16.0.29709.97
MinimumVisualStudioVersion = 10.0.40219.1
Project("{9A19103F-16F7-4668-BE54-9A1E7A4F7556}") = "DevIO.Business", "src\DevIO.Business\DevIO.Business.csproj", "{4CF9A2A9-C259-45BF-96DC-5E611879151F}"
EndProject
Project("{9A19103F-16F7-4668-BE54-9A1E7A4F7556}") = "DevIO.Data", "src\DevIO.Data\DevIO.Data.csproj", "{6855AE6F-613F-4A67-87AC-E4798AADA21C}"
EndProject
Project("{9A19103F-16F7-4668-BE54-9A1E7A4F7556}") = "DevIO.App", "src\DevIO.App\DevIO.App.csproj", "{580C4920-753C-4AE2-871E-8D46E5293EA6}"
EndProject
Global
	GlobalSection(SolutionConfigurationPlatforms) = preSolution
		Debug|Any CPU = Debug|Any CPU
		Release|Any CPU = Release|Any CPU
	EndGlobalSection
	GlobalSection(ProjectConfigurationPlatforms) = postSolution
		{4CF9A2A9-C259-45BF-96DC-5E611879151F}.Debug|Any CPU.ActiveCfg = Debug|Any CPU
		{4CF9A2A9-C259-45BF-96DC-5E611879151F}.Debug|Any CPU.Build.0 = Debug|Any CPU
		{4CF9A2A9-C259-45BF-96DC-5E611879151F}.Release|Any CPU.ActiveCfg = Release|Any CPU
		{4CF9A2A9-C259-45BF-96DC-5E611879151F}.Release|Any CPU.Build.0 = Release|Any CPU
		{6855AE6F-613F-4A67-87AC-E4798AADA21C}.Debug|Any CPU.ActiveCfg = Debug|Any CPU
		{6855AE6F-613F-4A67-87AC-E4798AADA21C}.Debug|Any CPU.Build.0 = Debug|Any CPU
		{6855AE6F-613F-4A67-87AC-E4798AADA21C}.Release|Any CPU.ActiveCfg = Release|Any CPU
		{6855AE6F-613F-4A67-87AC-E4798AADA21C}.Release|Any CPU.Build.0 = Release|Any CPU
		{580C4920-753C-4AE2-871E-8D46E5293EA6}.Debug|Any CPU.ActiveCfg = Debug|Any CPU
		{580C4920-753C-4AE2-871E-8D46E5293EA6}.Debug|Any CPU.Build.0 = Debug|Any CPU
		{580C4920-753C-4AE2-871E-8D46E5293EA6}.Release|Any CPU.ActiveCfg = Release|Any CPU
		{580C4920-753C-4AE2-871E-8D46E5293EA6}.Release|Any CPU.Build.0 = Release|Any CPU
	EndGlobalSection
	GlobalSection(SolutionProperties) = preSolution
		HideSolutionNode = FALSE
	EndGlobalSection
	GlobalSection(ExtensibilityGlobals) = postSolution
		SolutionGuid = {075EA801-B19F-47EE-B5F4-5E1390C4FDF4}
	EndGlobalSection
EndGlobal
